<?xml version="1.0" encoding="utf-8"?>
<Project ToolsVersion="4.0" xmlns="http://schemas.microsoft.com/developer/msbuild/2003">
  <ItemGroup>
    <Filter Include="Source Files">
      <UniqueIdentifier>{4FC737F1-C7A5-4376-A066-2A32D752A2FF}</UniqueIdentifier>
      <Extensions>cpp;c;cc;cxx;def;odl;idl;hpj;bat;asm;asmx</Extensions>
    </Filter>
    <Filter Include="Header Files">
      <UniqueIdentifier>{93995380-89BD-4b04-88EB-625FBE52EBFB}</UniqueIdentifier>
      <Extensions>h;hpp;hxx;hm;inl;inc;xsd</Extensions>
    </Filter>
  </ItemGroup>
  <ItemGroup>
    <ClCompile Include="src/main.cpp">
      <Filter>Source Files</Filter>
    </ClCompile>
    <ClCompile Include="src\CImage.cpp">
      <Filter>Source Files</Filter>
    </ClCompile>
    <ClCompile Include="src\RandomImage.cpp">
      <Filter>Source Files</Filter>
    </ClCompile>
  </ItemGroup>
  <ItemGroup>
    <ClInclude Include="src/bench.hpp">
      <Filter>Header Files</Filter>
    </ClInclude>
    <ClInclude Include="src/benchBlackHat3x3.hpp">
      <Filter>Header Files</Filter>
    </ClInclude>
    <ClInclude Include="src/benchMedian3x3.hpp">
      <Filter>Header Files</Filter>
    </ClInclude>
    <ClInclude Include="src/benchMedian5x5.hpp">
      <Filter>Header Files</Filter>
    </ClInclude>
    <ClInclude Include="src/benchTopHat3x3.hpp">
      <Filter>Header Files</Filter>
    </ClInclude>
    <ClInclude Include="src/config.h">
      <Filter>Header Files</Filter>
    </ClInclude>
    <ClInclude Include="src\benchBase.hpp">
      <Filter>Header Files</Filter>
    </ClInclude>
    <ClInclude Include="src\benchMorphoBase.hpp">
      <Filter>Header Files</Filter>
    </ClInclude>
    <ClInclude Include="src\benchConvert.hpp">
      <Filter>Header Files</Filter>
    </ClInclude>
    <ClInclude Include="src\benchGradient.hpp">
      <Filter>Header Files</Filter>
    </ClInclude>
    <ClInclude Include="src\benchScale.hpp">
      <Filter>Header Files</Filter>
    </ClInclude>
    <ClInclude Include="src\benchLut.hpp">
      <Filter>Header Files</Filter>
    </ClInclude>
    <ClInclude Include="src\benchLinearLut.hpp">
      <Filter>Header Files</Filter>
    </ClInclude>
    <ClInclude Include="src\benchTransfer.hpp">
      <Filter>Header Files</Filter>
    </ClInclude>
    <ClInclude Include="src\benchIntegral.hpp">
      <Filter>Header Files</Filter>
    </ClInclude>
    <ClInclude Include="src\Timer.h">
      <Filter>Header Files</Filter>
    </ClInclude>
    <ClInclude Include="src\CImage.h">
      <Filter>Header Files</Filter>
    </ClInclude>
    <ClInclude Include="src\Libraries.h">
      <Filter>Header Files</Filter>
    </ClInclude>
    <ClInclude Include="src\Compare.h">
      <Filter>Header Files</Filter>
    </ClInclude>
    <ClInclude Include="src\benchArithmetic.hpp">
      <Filter>Header Files</Filter>
    </ClInclude>
    <ClInclude Include="src\preprocessor.h">
      <Filter>Header Files</Filter>
    </ClInclude>
    <ClInclude Include="src\benchArithmeticUnary.hpp">
      <Filter>Header Files</Filter>
    </ClInclude>
    <ClInclude Include="src\benchUnary.hpp">
      <Filter>Header Files</Filter>
    </ClInclude>
    <ClInclude Include="src\benchBinary.hpp">
      <Filter>Header Files</Filter>
    </ClInclude>
    <ClInclude Include="src\benchArithmeticBinary.hpp">
      <Filter>Header Files</Filter>
    </ClInclude>
    <ClInclude Include="src\benchReduce.hpp">
      <Filter>Header Files</Filter>
    </ClInclude>
    <ClInclude Include="src\benchStatistics.hpp">
      <Filter>Header Files</Filter>
    </ClInclude>
    <ClInclude Include="src\benchReduceBase.hpp">
      <Filter>Header Files</Filter>
    </ClInclude>
    <ClInclude Include="src\benchMorpho.hpp">
      <Filter>Header Files</Filter>
    </ClInclude>
    <ClInclude Include="src\benchTransform.hpp">
      <Filter>Header Files</Filter>
    </ClInclude>
    <ClInclude Include="src\benchResize.hpp">
      <Filter>Header Files</Filter>
    </ClInclude>
    <ClInclude Include="src\benchFilters.hpp">
      <Filter>Header Files</Filter>
    </ClInclude>
    <ClInclude Include="src\benchThreshold.hpp">
      <Filter>Header Files</Filter>
    </ClInclude>
    <ClInclude Include="src\benchThresholdBase.hpp">
      <Filter>Header Files</Filter>
    </ClInclude>
    <ClInclude Include="src\benchThresholdGTLT.hpp">
      <Filter>Header Files</Filter>
    </ClInclude>
    <ClInclude Include="src\benchCompare.hpp">
      <Filter>Header Files</Filter>
    </ClInclude>
    <ClInclude Include="src\benchCompareBase.hpp">
      <Filter>Header Files</Filter>
    </ClInclude>
    <ClInclude Include="src\benchThresholdImgBase.hpp">
      <Filter>Header Files</Filter>
    </ClInclude>
    <ClInclude Include="src\benchFFT.hpp">
      <Filter>Header Files</Filter>
    </ClInclude>
    <ClInclude Include="src\benchCompareImgBase.hpp">
      <Filter>Header Files</Filter>
    </ClInclude>
    <ClInclude Include="src\benchReduce4C.hpp">
      <Filter>Header Files</Filter>
    </ClInclude>
    <ClInclude Include="src\benchImageProximityBase.hpp">
      <Filter>Header Files</Filter>
    </ClInclude>
    <ClInclude Include="src\benchImageProximity.hpp">
      <Filter>Header Files</Filter>
    </ClInclude>
    <ClInclude Include="src\benchSqrIntegral.hpp">
      <Filter>Header Files</Filter>
    </ClInclude>
    <ClInclude Include="src\benchBlob.hpp">
      <Filter>Header Files</Filter>
    </ClInclude>
    <ClInclude Include="src\benchRotate.hpp">
      <Filter>Header Files</Filter>
    </ClInclude>
    <ClInclude Include="src\benchImageProximityFFTBase.hpp">
      <Filter>Header Files</Filter>
    </ClInclude>
  </ItemGroup>
</Project>